
Microsoft Visual Studio Solution File, Format Version 12.00
# Visual Studio Version 17
VisualStudioVersion = 17.9.34622.214
MinimumVisualStudioVersion = 10.0.40219.1
Project("{FAE04EC0-301F-11D3-BF4B-00C04F79EFBC}") = "WebApplication1", "WebApplication1\WebApplication1.csproj", "{73DE601E-328D-4189-B118-49FE7248198B}"
EndProject
Global
	GlobalSection(SolutionConfigurationPlatforms) = preSolution
		Debug|Any CPU = Debug|Any CPU
		Release|Any CPU = Release|Any CPU
	EndGlobalSection
	GlobalSection(ProjectConfigurationPlatforms) = postSolution
		{73DE601E-328D-4189-B118-49FE7248198B}.Debug|Any CPU.ActiveCfg = Debug|Any CPU
		{73DE601E-328D-4189-B118-49FE7248198B}.Debug|Any CPU.Build.0 = Debug|Any CPU
		{73DE601E-328D-4189-B118-49FE7248198B}.Release|Any CPU.ActiveCfg = Release|Any CPU
		{73DE601E-328D-4189-B118-49FE7248198B}.Release|Any CPU.Build.0 = Release|Any CPU
	EndGlobalSection
	GlobalSection(SolutionProperties) = preSolution
		HideSolutionNode = FALSE
	EndGlobalSection
	GlobalSection(ExtensibilityGlobals) = postSolution
		SolutionGuid = {63F91468-2222-4FF9-B716-220D904B5828}
	EndGlobalSection
EndGlobal
